
Microsoft Visual Studio Solution File, Format Version 12.00
# Visual Studio 15
VisualStudioVersion = 15.0.28010.2003
MinimumVisualStudioVersion = 10.0.40219.1
Project("{9A19103F-16F7-4668-BE54-9A1E7A4F7556}") = "FullStack.ControleTarefas.API", "FullStack.ControleTarefas.API\FullStack.ControleTarefas.API.csproj", "{FD2441F8-A054-4482-AF1A-26CE030BDBAE}"
EndProject
Project("{2150E333-8FDC-42A3-9474-1A3956D46DE8}") = "0 - Domain", "0 - Domain", "{193FCAA6-0D4C-4A21-8E04-6B98EC58C25B}"
EndProject
Project("{2150E333-8FDC-42A3-9474-1A3956D46DE8}") = "1 - Tests", "1 - Tests", "{2EEA48A4-EE4A-491F-9021-A919081AA8C4}"
EndProject
Project("{2150E333-8FDC-42A3-9474-1A3956D46DE8}") = "2 - Infra", "2 - Infra", "{F184CF1B-88C5-434D-B432-A9F0F08FAE84}"
EndProject
Project("{2150E333-8FDC-42A3-9474-1A3956D46DE8}") = "3 - API", "3 - API", "{60816EA9-F73D-4E55-9D95-43E808ADA56C}"
EndProject
Project("{2150E333-8FDC-42A3-9474-1A3956D46DE8}") = "4 - Presentation", "4 - Presentation", "{F8CAA4A8-D726-40D5-A639-1B0C4EFB7208}"
EndProject
Project("{FAE04EC0-301F-11D3-BF4B-00C04F79EFBC}") = "FullStack.Domain", "FullStack.Domain\FullStack.Domain.csproj", "{00C88136-DC54-454C-A492-738F34AFD251}"
EndProject
Project("{FAE04EC0-301F-11D3-BF4B-00C04F79EFBC}") = "FullStack.Infra", "FullStack.Infra\FullStack.Infra.csproj", "{8A73D7DE-CCC9-488B-9DDC-4D8200D33092}"
EndProject
Project("{FAE04EC0-301F-11D3-BF4B-00C04F79EFBC}") = "FullStack.MVC", "FullStack.MVC\FullStack.MVC.csproj", "{07C37FE1-9814-4AFF-A2EF-590ECD5718C9}"
EndProject
Global
	GlobalSection(SolutionConfigurationPlatforms) = preSolution
		Debug|Any CPU = Debug|Any CPU
		Release|Any CPU = Release|Any CPU
	EndGlobalSection
	GlobalSection(ProjectConfigurationPlatforms) = postSolution
		{FD2441F8-A054-4482-AF1A-26CE030BDBAE}.Debug|Any CPU.ActiveCfg = Debug|Any CPU
		{FD2441F8-A054-4482-AF1A-26CE030BDBAE}.Debug|Any CPU.Build.0 = Debug|Any CPU
		{FD2441F8-A054-4482-AF1A-26CE030BDBAE}.Release|Any CPU.ActiveCfg = Release|Any CPU
		{FD2441F8-A054-4482-AF1A-26CE030BDBAE}.Release|Any CPU.Build.0 = Release|Any CPU
		{00C88136-DC54-454C-A492-738F34AFD251}.Debug|Any CPU.ActiveCfg = Debug|Any CPU
		{00C88136-DC54-454C-A492-738F34AFD251}.Debug|Any CPU.Build.0 = Debug|Any CPU
		{00C88136-DC54-454C-A492-738F34AFD251}.Release|Any CPU.ActiveCfg = Release|Any CPU
		{00C88136-DC54-454C-A492-738F34AFD251}.Release|Any CPU.Build.0 = Release|Any CPU
		{8A73D7DE-CCC9-488B-9DDC-4D8200D33092}.Debug|Any CPU.ActiveCfg = Debug|Any CPU
		{8A73D7DE-CCC9-488B-9DDC-4D8200D33092}.Debug|Any CPU.Build.0 = Debug|Any CPU
		{8A73D7DE-CCC9-488B-9DDC-4D8200D33092}.Release|Any CPU.ActiveCfg = Release|Any CPU
		{8A73D7DE-CCC9-488B-9DDC-4D8200D33092}.Release|Any CPU.Build.0 = Release|Any CPU
		{07C37FE1-9814-4AFF-A2EF-590ECD5718C9}.Debug|Any CPU.ActiveCfg = Debug|Any CPU
		{07C37FE1-9814-4AFF-A2EF-590ECD5718C9}.Debug|Any CPU.Build.0 = Debug|Any CPU
		{07C37FE1-9814-4AFF-A2EF-590ECD5718C9}.Release|Any CPU.ActiveCfg = Release|Any CPU
		{07C37FE1-9814-4AFF-A2EF-590ECD5718C9}.Release|Any CPU.Build.0 = Release|Any CPU
	EndGlobalSection
	GlobalSection(SolutionProperties) = preSolution
		HideSolutionNode = FALSE
	EndGlobalSection
	GlobalSection(NestedProjects) = preSolution
		{FD2441F8-A054-4482-AF1A-26CE030BDBAE} = {60816EA9-F73D-4E55-9D95-43E808ADA56C}
		{00C88136-DC54-454C-A492-738F34AFD251} = {193FCAA6-0D4C-4A21-8E04-6B98EC58C25B}
		{8A73D7DE-CCC9-488B-9DDC-4D8200D33092} = {F184CF1B-88C5-434D-B432-A9F0F08FAE84}
		{07C37FE1-9814-4AFF-A2EF-590ECD5718C9} = {F8CAA4A8-D726-40D5-A639-1B0C4EFB7208}
	EndGlobalSection
	GlobalSection(ExtensibilityGlobals) = postSolution
		SolutionGuid = {8E19881F-AB8C-41B0-8B0C-11ADC63CB45F}
	EndGlobalSection
EndGlobal
